
Microsoft Visual Studio Solution File, Format Version 12.00
# Visual Studio Version 16
VisualStudioVersion = 16.0.30225.117
MinimumVisualStudioVersion = 10.0.40219.1
Project("{FAE04EC0-301F-11D3-BF4B-00C04F79EFBC}") = "Affection", "Affection\Affection.csproj", "{749CECE5-7DD6-4CF1-834F-F4FE4E8E14D9}"
EndProject
Global
	GlobalSection(SolutionConfigurationPlatforms) = preSolution
		Debug|Any CPU = Debug|Any CPU
		Release|Any CPU = Release|Any CPU
	EndGlobalSection
	GlobalSection(ProjectConfigurationPlatforms) = postSolution
		{749CECE5-7DD6-4CF1-834F-F4FE4E8E14D9}.Debug|Any CPU.ActiveCfg = Debug|Any CPU
		{749CECE5-7DD6-4CF1-834F-F4FE4E8E14D9}.Debug|Any CPU.Build.0 = Debug|Any CPU
		{749CECE5-7DD6-4CF1-834F-F4FE4E8E14D9}.Release|Any CPU.ActiveCfg = Release|Any CPU
		{749CECE5-7DD6-4CF1-834F-F4FE4E8E14D9}.Release|Any CPU.Build.0 = Release|Any CPU
	EndGlobalSection
	GlobalSection(SolutionProperties) = preSolution
		HideSolutionNode = FALSE
	EndGlobalSection
	GlobalSection(ExtensibilityGlobals) = postSolution
		SolutionGuid = {01911EDC-0615-4C5E-8D77-38C51D14C1D5}
	EndGlobalSection
EndGlobal
